
Microsoft Visual Studio Solution File, Format Version 12.00
# Visual Studio Version 17
VisualStudioVersion = 17.11.35327.3
MinimumVisualStudioVersion = 10.0.40219.1
Project("{FAE04EC0-301F-11D3-BF4B-00C04F79EFBC}") = "EntityFramework", "EntityFramework\EntityFramework.csproj", "{03E493D3-A8EA-46A2-B0C7-73161F47FE51}"
EndProject
Global
	GlobalSection(SolutionConfigurationPlatforms) = preSolution
		Debug|Any CPU = Debug|Any CPU
		Release|Any CPU = Release|Any CPU
	EndGlobalSection
	GlobalSection(ProjectConfigurationPlatforms) = postSolution
		{03E493D3-A8EA-46A2-B0C7-73161F47FE51}.Debug|Any CPU.ActiveCfg = Debug|Any CPU
		{03E493D3-A8EA-46A2-B0C7-73161F47FE51}.Debug|Any CPU.Build.0 = Debug|Any CPU
		{03E493D3-A8EA-46A2-B0C7-73161F47FE51}.Release|Any CPU.ActiveCfg = Release|Any CPU
		{03E493D3-A8EA-46A2-B0C7-73161F47FE51}.Release|Any CPU.Build.0 = Release|Any CPU
	EndGlobalSection
	GlobalSection(SolutionProperties) = preSolution
		HideSolutionNode = FALSE
	EndGlobalSection
	GlobalSection(ExtensibilityGlobals) = postSolution
		SolutionGuid = {52AF4EDF-C696-4946-888C-AC3C0F82D8F8}
	EndGlobalSection
EndGlobal
